
Microsoft Visual Studio Solution File, Format Version 12.00
# Visual Studio 15
VisualStudioVersion = 15.0.28307.421
MinimumVisualStudioVersion = 10.0.40219.1
Project("{9A19103F-16F7-4668-BE54-9A1E7A4F7556}") = "CashDeposit", "CashDeposit\CashDeposit.csproj", "{28723401-8368-4D0C-AC5C-2794A71F6C78}"
EndProject
Project("{9A19103F-16F7-4668-BE54-9A1E7A4F7556}") = "CashWithdrawal", "CashWithdrawal\CashWithdrawal.csproj", "{BAF03D11-9199-4859-9CB6-D06F41FC53BE}"
EndProject
Project("{9A19103F-16F7-4668-BE54-9A1E7A4F7556}") = "AgencyBanking", "AgencyBanking\AgencyBanking.csproj", "{5A7C6F6B-C860-478C-A7B0-56E3068BD2CA}"
EndProject
Project("{9A19103F-16F7-4668-BE54-9A1E7A4F7556}") = "BalanceEnquiry", "BalanceEnquiry\BalanceEnquiry.csproj", "{5E8C97F6-DC50-4C1D-89F2-919638A56B81}"
EndProject
Project("{9A19103F-16F7-4668-BE54-9A1E7A4F7556}") = "AccountEnquiryByAccountNumber", "AccountEnquiryByAccountNumber\AccountEnquiryByAccountNumber.csproj", "{CD83D3EA-C445-4BF3-A9E5-B07818660CDD}"
EndProject
Project("{9A19103F-16F7-4668-BE54-9A1E7A4F7556}") = "AccountEnquiryByCustomerNumber", "AccountEnquiryByCustomerNumber\AccountEnquiryByCustomerNumber.csproj", "{3CED915B-86A1-4558-8DED-880500D5EB3D}"
EndProject
Project("{9A19103F-16F7-4668-BE54-9A1E7A4F7556}") = "AccountEnquiryByPhoneNumber", "AccountEnquiryByPhoneNumber\AccountEnquiryByPhoneNumber.csproj", "{75FE007E-C81F-4956-942E-5F87EB218956}"
EndProject
Project("{9A19103F-16F7-4668-BE54-9A1E7A4F7556}") = "AccountOpening", "AccountOpening\AccountOpening.csproj", "{24B5D53D-DBB2-4788-A10C-5DD7D2B2BE63}"
EndProject
Project("{9A19103F-16F7-4668-BE54-9A1E7A4F7556}") = "AccountOpeningByAccountOnly", "AccountOpeningByAccountOnly\AccountOpeningByAccountOnly.csproj", "{D7F48C3B-8C25-4714-AC09-E768FCA53909}"
EndProject
Project("{9A19103F-16F7-4668-BE54-9A1E7A4F7556}") = "FundsTransfer", "FundsTransfer\FundsTransfer.csproj", "{433C60CA-3CEC-4ECA-8FAD-AD6085FFF654}"
EndProject
Project("{9A19103F-16F7-4668-BE54-9A1E7A4F7556}") = "FundsTransferOwnAccount", "FundsTransferOwnAccount\FundsTransferOwnAccount.csproj", "{D2472289-21E1-440A-84CE-5B0E104717FC}"
EndProject
Project("{FAE04EC0-301F-11D3-BF4B-00C04F79EFBC}") = "CashWithdrawalPlusChrg", "CashWithdrawalPlusChrg\CashWithdrawalPlusChrg.csproj", "{5A60E4D4-944B-47A5-A08B-1FF74FBBE6BA}"
EndProject
Global
	GlobalSection(SolutionConfigurationPlatforms) = preSolution
		Debug|Any CPU = Debug|Any CPU
		Release|Any CPU = Release|Any CPU
	EndGlobalSection
	GlobalSection(ProjectConfigurationPlatforms) = postSolution
		{28723401-8368-4D0C-AC5C-2794A71F6C78}.Debug|Any CPU.ActiveCfg = Debug|Any CPU
		{28723401-8368-4D0C-AC5C-2794A71F6C78}.Debug|Any CPU.Build.0 = Debug|Any CPU
		{28723401-8368-4D0C-AC5C-2794A71F6C78}.Release|Any CPU.ActiveCfg = Release|Any CPU
		{28723401-8368-4D0C-AC5C-2794A71F6C78}.Release|Any CPU.Build.0 = Release|Any CPU
		{BAF03D11-9199-4859-9CB6-D06F41FC53BE}.Debug|Any CPU.ActiveCfg = Debug|Any CPU
		{BAF03D11-9199-4859-9CB6-D06F41FC53BE}.Debug|Any CPU.Build.0 = Debug|Any CPU
		{BAF03D11-9199-4859-9CB6-D06F41FC53BE}.Release|Any CPU.ActiveCfg = Release|Any CPU
		{BAF03D11-9199-4859-9CB6-D06F41FC53BE}.Release|Any CPU.Build.0 = Release|Any CPU
		{5A7C6F6B-C860-478C-A7B0-56E3068BD2CA}.Debug|Any CPU.ActiveCfg = Debug|Any CPU
		{5A7C6F6B-C860-478C-A7B0-56E3068BD2CA}.Debug|Any CPU.Build.0 = Debug|Any CPU
		{5A7C6F6B-C860-478C-A7B0-56E3068BD2CA}.Release|Any CPU.ActiveCfg = Release|Any CPU
		{5A7C6F6B-C860-478C-A7B0-56E3068BD2CA}.Release|Any CPU.Build.0 = Release|Any CPU
		{5E8C97F6-DC50-4C1D-89F2-919638A56B81}.Debug|Any CPU.ActiveCfg = Debug|Any CPU
		{5E8C97F6-DC50-4C1D-89F2-919638A56B81}.Debug|Any CPU.Build.0 = Debug|Any CPU
		{5E8C97F6-DC50-4C1D-89F2-919638A56B81}.Release|Any CPU.ActiveCfg = Release|Any CPU
		{5E8C97F6-DC50-4C1D-89F2-919638A56B81}.Release|Any CPU.Build.0 = Release|Any CPU
		{CD83D3EA-C445-4BF3-A9E5-B07818660CDD}.Debug|Any CPU.ActiveCfg = Debug|Any CPU
		{CD83D3EA-C445-4BF3-A9E5-B07818660CDD}.Debug|Any CPU.Build.0 = Debug|Any CPU
		{CD83D3EA-C445-4BF3-A9E5-B07818660CDD}.Release|Any CPU.ActiveCfg = Release|Any CPU
		{CD83D3EA-C445-4BF3-A9E5-B07818660CDD}.Release|Any CPU.Build.0 = Release|Any CPU
		{3CED915B-86A1-4558-8DED-880500D5EB3D}.Debug|Any CPU.ActiveCfg = Debug|Any CPU
		{3CED915B-86A1-4558-8DED-880500D5EB3D}.Debug|Any CPU.Build.0 = Debug|Any CPU
		{3CED915B-86A1-4558-8DED-880500D5EB3D}.Release|Any CPU.ActiveCfg = Release|Any CPU
		{3CED915B-86A1-4558-8DED-880500D5EB3D}.Release|Any CPU.Build.0 = Release|Any CPU
		{75FE007E-C81F-4956-942E-5F87EB218956}.Debug|Any CPU.ActiveCfg = Debug|Any CPU
		{75FE007E-C81F-4956-942E-5F87EB218956}.Debug|Any CPU.Build.0 = Debug|Any CPU
		{75FE007E-C81F-4956-942E-5F87EB218956}.Release|Any CPU.ActiveCfg = Release|Any CPU
		{75FE007E-C81F-4956-942E-5F87EB218956}.Release|Any CPU.Build.0 = Release|Any CPU
		{24B5D53D-DBB2-4788-A10C-5DD7D2B2BE63}.Debug|Any CPU.ActiveCfg = Debug|Any CPU
		{24B5D53D-DBB2-4788-A10C-5DD7D2B2BE63}.Debug|Any CPU.Build.0 = Debug|Any CPU
		{24B5D53D-DBB2-4788-A10C-5DD7D2B2BE63}.Release|Any CPU.ActiveCfg = Release|Any CPU
		{24B5D53D-DBB2-4788-A10C-5DD7D2B2BE63}.Release|Any CPU.Build.0 = Release|Any CPU
		{D7F48C3B-8C25-4714-AC09-E768FCA53909}.Debug|Any CPU.ActiveCfg = Debug|Any CPU
		{D7F48C3B-8C25-4714-AC09-E768FCA53909}.Debug|Any CPU.Build.0 = Debug|Any CPU
		{D7F48C3B-8C25-4714-AC09-E768FCA53909}.Release|Any CPU.ActiveCfg = Release|Any CPU
		{D7F48C3B-8C25-4714-AC09-E768FCA53909}.Release|Any CPU.Build.0 = Release|Any CPU
		{433C60CA-3CEC-4ECA-8FAD-AD6085FFF654}.Debug|Any CPU.ActiveCfg = Debug|Any CPU
		{433C60CA-3CEC-4ECA-8FAD-AD6085FFF654}.Debug|Any CPU.Build.0 = Debug|Any CPU
		{433C60CA-3CEC-4ECA-8FAD-AD6085FFF654}.Release|Any CPU.ActiveCfg = Release|Any CPU
		{433C60CA-3CEC-4ECA-8FAD-AD6085FFF654}.Release|Any CPU.Build.0 = Release|Any CPU
		{D2472289-21E1-440A-84CE-5B0E104717FC}.Debug|Any CPU.ActiveCfg = Debug|Any CPU
		{D2472289-21E1-440A-84CE-5B0E104717FC}.Debug|Any CPU.Build.0 = Debug|Any CPU
		{D2472289-21E1-440A-84CE-5B0E104717FC}.Release|Any CPU.ActiveCfg = Release|Any CPU
		{D2472289-21E1-440A-84CE-5B0E104717FC}.Release|Any CPU.Build.0 = Release|Any CPU
		{5A60E4D4-944B-47A5-A08B-1FF74FBBE6BA}.Debug|Any CPU.ActiveCfg = Debug|Any CPU
		{5A60E4D4-944B-47A5-A08B-1FF74FBBE6BA}.Debug|Any CPU.Build.0 = Debug|Any CPU
		{5A60E4D4-944B-47A5-A08B-1FF74FBBE6BA}.Release|Any CPU.ActiveCfg = Release|Any CPU
		{5A60E4D4-944B-47A5-A08B-1FF74FBBE6BA}.Release|Any CPU.Build.0 = Release|Any CPU
	EndGlobalSection
	GlobalSection(SolutionProperties) = preSolution
		HideSolutionNode = FALSE
	EndGlobalSection
	GlobalSection(ExtensibilityGlobals) = postSolution
		SolutionGuid = {BACCA029-88CD-481C-B831-7592E3B645CD}
	EndGlobalSection
EndGlobal
