
Microsoft Visual Studio Solution File, Format Version 12.00
# Visual Studio 15
VisualStudioVersion = 15.0.28307.421
MinimumVisualStudioVersion = 10.0.40219.1
Project("{9A19103F-16F7-4668-BE54-9A1E7A4F7556}") = "AgencyBanking", "AgencyBanking.csproj", "{68503C4C-957D-4BA1-B5C5-39D4AE18ABAD}"
EndProject
Global
	GlobalSection(SolutionConfigurationPlatforms) = preSolution
		Debug|Any CPU = Debug|Any CPU
		Release|Any CPU = Release|Any CPU
	EndGlobalSection
	GlobalSection(ProjectConfigurationPlatforms) = postSolution
		{68503C4C-957D-4BA1-B5C5-39D4AE18ABAD}.Debug|Any CPU.ActiveCfg = Debug|Any CPU
		{68503C4C-957D-4BA1-B5C5-39D4AE18ABAD}.Debug|Any CPU.Build.0 = Debug|Any CPU
		{68503C4C-957D-4BA1-B5C5-39D4AE18ABAD}.Release|Any CPU.ActiveCfg = Release|Any CPU
		{68503C4C-957D-4BA1-B5C5-39D4AE18ABAD}.Release|Any CPU.Build.0 = Release|Any CPU
	EndGlobalSection
	GlobalSection(SolutionProperties) = preSolution
		HideSolutionNode = FALSE
	EndGlobalSection
	GlobalSection(ExtensibilityGlobals) = postSolution
		SolutionGuid = {FBE19163-F23E-4E86-9EF2-CFE077F36A8D}
	EndGlobalSection
EndGlobal
